
Microsoft Visual Studio Solution File, Format Version 11.00
# Visual Studio 2010
Project("{8BC9CEB8-8B4A-11D0-8D11-00A0C91BC942}") = "LyraeLib", "LyraeLib\LyraeLib.vcxproj", "{C9DB492B-7613-4AFE-A885-DB823766E5AC}"
EndProject
Project("{8BC9CEB8-8B4A-11D0-8D11-00A0C91BC942}") = "LyraeGUI", "LyraeGUI\LyraeGUI.vcxproj", "{5B013697-05C8-4D4D-94C6-9E9AE7D3466B}"
EndProject
Global
	GlobalSection(SolutionConfigurationPlatforms) = preSolution
		Debug|Win32 = Debug|Win32
		Release|Win32 = Release|Win32
	EndGlobalSection
	GlobalSection(ProjectConfigurationPlatforms) = postSolution
		{C9DB492B-7613-4AFE-A885-DB823766E5AC}.Debug|Win32.ActiveCfg = Debug|Win32
		{C9DB492B-7613-4AFE-A885-DB823766E5AC}.Debug|Win32.Build.0 = Debug|Win32
		{C9DB492B-7613-4AFE-A885-DB823766E5AC}.Release|Win32.ActiveCfg = Release|Win32
		{C9DB492B-7613-4AFE-A885-DB823766E5AC}.Release|Win32.Build.0 = Release|Win32
		{5B013697-05C8-4D4D-94C6-9E9AE7D3466B}.Debug|Win32.ActiveCfg = Debug|Win32
		{5B013697-05C8-4D4D-94C6-9E9AE7D3466B}.Debug|Win32.Build.0 = Debug|Win32
		{5B013697-05C8-4D4D-94C6-9E9AE7D3466B}.Release|Win32.ActiveCfg = Release|Win32
		{5B013697-05C8-4D4D-94C6-9E9AE7D3466B}.Release|Win32.Build.0 = Release|Win32
	EndGlobalSection
	GlobalSection(SolutionProperties) = preSolution
		HideSolutionNode = FALSE
	EndGlobalSection
EndGlobal
